# THIS IS AN AUTOGENERATED FILE. DO NOT EDIT THIS FILE DIRECTLY.
# yarn lockfile v1


"@aws-cdk/assets@1.32.0", "@aws-cdk/assets@^1.32.0":
  version "1.32.0"
  resolved "https://registry.yarnpkg.com/@aws-cdk/assets/-/assets-1.32.0.tgz#a575c19abfa0e1f0859996b23bc1dcb3908a1a31"
  integrity sha512-ooINlKG9PvmsiKNWX1JLAxFQG2AnGfaQp7WYW73gLhG2XYcQd42aV6TN4adsxHAqgsPXbxdsrnDx6f4IqoIyfQ==
  dependencies:
    "@aws-cdk/core" "1.32.0"
    "@aws-cdk/cx-api" "1.32.0"
    constructs "^2.0.0"
    minimatch "^3.0.4"

"@aws-cdk/aws-certificatemanager@1.32.0", "@aws-cdk/aws-certificatemanager@^1.32.0":
  version "1.32.0"
  resolved "https://registry.yarnpkg.com/@aws-cdk/aws-certificatemanager/-/aws-certificatemanager-1.32.0.tgz#0638ed254f03cea04e6b762b860f383c05d9bb64"
  integrity sha512-wLn2yeiEtwVhZIXL/OKoFseZeDVMJ1GeG+tkWYyvhljTvQgl3+xdCJUclYDhizFIC/VziZpM2CoSk1xrBsWVGA==
  dependencies:
    "@aws-cdk/aws-cloudformation" "1.32.0"
    "@aws-cdk/aws-iam" "1.32.0"
    "@aws-cdk/aws-lambda" "1.32.0"
    "@aws-cdk/aws-route53" "1.32.0"
    "@aws-cdk/core" "1.32.0"
    constructs "^2.0.0"

"@aws-cdk/aws-cloudformation@1.32.0", "@aws-cdk/aws-cloudformation@^1.32.0":
  version "1.32.0"
  resolved "https://registry.yarnpkg.com/@aws-cdk/aws-cloudformation/-/aws-cloudformation-1.32.0.tgz#7c8b10fd8427776865b0ace5cddb7d3b747933f1"
  integrity sha512-NuJ7IckX0/4WvyxmLdviLWlS/jiBOXDj8RxKW/wuUOYHc+ARAekspWkYZYeXPhrqNPzwSWa/xONI3dHZORfI2A==
  dependencies:
    "@aws-cdk/aws-iam" "1.32.0"
    "@aws-cdk/aws-lambda" "1.32.0"
    "@aws-cdk/aws-s3" "1.32.0"
    "@aws-cdk/aws-sns" "1.32.0"
    "@aws-cdk/core" "1.32.0"
    "@aws-cdk/cx-api" "1.32.0"
    constructs "^2.0.0"

"@aws-cdk/aws-cloudfront@^1.32.0":
  version "1.32.0"
  resolved "https://registry.yarnpkg.com/@aws-cdk/aws-cloudfront/-/aws-cloudfront-1.32.0.tgz#95ac2554e7486b38011fb2732ecfe19e1a49498a"
  integrity sha512-xt7CNtZz5ekDmAb8/U2C38KxtU/oE09ci/WjQlWqo9AUuz/s2SZUZvuT2xuA4KHOEwmzEk7eEwc8yU0pCY00RA==
  dependencies:
    "@aws-cdk/aws-certificatemanager" "1.32.0"
    "@aws-cdk/aws-iam" "1.32.0"
    "@aws-cdk/aws-kms" "1.32.0"
    "@aws-cdk/aws-lambda" "1.32.0"
    "@aws-cdk/aws-s3" "1.32.0"
    "@aws-cdk/core" "1.32.0"
    constructs "^2.0.0"

"@aws-cdk/aws-cloudwatch@1.32.0", "@aws-cdk/aws-cloudwatch@^1.32.0":
  version "1.32.0"
  resolved "https://registry.yarnpkg.com/@aws-cdk/aws-cloudwatch/-/aws-cloudwatch-1.32.0.tgz#daac3a8cf92151a617e9e57b8f5b744774cebfac"
  integrity sha512-JGxES/zE84BM61xvgjERWB7kwk6pLSM02TA8RfDMWpvzujbncHwzoEXVkQPlFyDqaR/2/i4mdJx10jGVnhvvmw==
  dependencies:
    "@aws-cdk/aws-iam" "1.32.0"
    "@aws-cdk/core" "1.32.0"
    constructs "^2.0.0"

"@aws-cdk/aws-ec2@1.32.0", "@aws-cdk/aws-ec2@^1.32.0":
  version "1.32.0"
  resolved "https://registry.yarnpkg.com/@aws-cdk/aws-ec2/-/aws-ec2-1.32.0.tgz#4a1f5f66ffbdfcf03150773d4cfd7ad07b9a8afd"
  integrity sha512-AhiEqPYFukqT376PiNak7nUrBwyzdGPIdSmjeDQQbtQHvp2HInFK+3j0/kZxhKJvGW9KWMktxNjU3ntiVNU+CA==
  dependencies:
    "@aws-cdk/aws-cloudwatch" "1.32.0"
    "@aws-cdk/aws-iam" "1.32.0"
    "@aws-cdk/aws-logs" "1.32.0"
    "@aws-cdk/aws-s3" "1.32.0"
    "@aws-cdk/aws-ssm" "1.32.0"
    "@aws-cdk/core" "1.32.0"
    "@aws-cdk/cx-api" "1.32.0"
    constructs "^2.0.0"

"@aws-cdk/aws-elasticloadbalancingv2@^1.32.0":
  version "1.32.0"
  resolved "https://registry.yarnpkg.com/@aws-cdk/aws-elasticloadbalancingv2/-/aws-elasticloadbalancingv2-1.32.0.tgz#07616022eb088e0b5204af75ef07b8784242cce5"
  integrity sha512-uvCV2Y93/woAetBx/Y1DLvESgx/HpO+2F8Cu5cNUNwAc5yTiPj8hM6MDU/xYTzG7wWqVC6sgGoyZbfzaNzfArA==
  dependencies:
    "@aws-cdk/aws-certificatemanager" "1.32.0"
    "@aws-cdk/aws-cloudwatch" "1.32.0"
    "@aws-cdk/aws-ec2" "1.32.0"
    "@aws-cdk/aws-iam" "1.32.0"
    "@aws-cdk/aws-lambda" "1.32.0"
    "@aws-cdk/aws-s3" "1.32.0"
    "@aws-cdk/core" "1.32.0"
    constructs "^2.0.0"

"@aws-cdk/aws-events@1.32.0", "@aws-cdk/aws-events@^1.32.0":
  version "1.32.0"
  resolved "https://registry.yarnpkg.com/@aws-cdk/aws-events/-/aws-events-1.32.0.tgz#d7961b288c00e47c8e5a95abcfff8843a338509d"
  integrity sha512-mhtjRZIipvalJ68jts1YFm2qXWYNeKC5/eumGlxxM7Mi4V4BHCqE946ZVIUXsIbWxAQgJs3EB9XUEgTH3hvmUA==
  dependencies:
    "@aws-cdk/aws-iam" "1.32.0"
    "@aws-cdk/core" "1.32.0"
    constructs "^2.0.0"

"@aws-cdk/aws-iam@1.32.0", "@aws-cdk/aws-iam@^1.32.0":
  version "1.32.0"
  resolved "https://registry.yarnpkg.com/@aws-cdk/aws-iam/-/aws-iam-1.32.0.tgz#3a93c463d7337a25a92e535c309860d2c6734cc3"
  integrity sha512-IdcA29eZsAv6qZ/D3JDwXTfuF9gdaMTwEWnzy9Ra2aJlbEMVC91DgEm7kv2C6ir+nli0NwTU816tM6wO2mvRpg==
  dependencies:
    "@aws-cdk/core" "1.32.0"
    "@aws-cdk/region-info" "1.32.0"
    constructs "^2.0.0"

"@aws-cdk/aws-kms@1.32.0", "@aws-cdk/aws-kms@^1.32.0":
  version "1.32.0"
  resolved "https://registry.yarnpkg.com/@aws-cdk/aws-kms/-/aws-kms-1.32.0.tgz#941614c989b6ec13398d453f7f47376c82e69b82"
  integrity sha512-OUxl55jr9oaQIIYndt4s5TygHtjHMFS5izuhptVe3Z52NecBNaptU+BM1gIFNRbx8RcVIv0LJHWGek1jdSOVig==
  dependencies:
    "@aws-cdk/aws-iam" "1.32.0"
    "@aws-cdk/core" "1.32.0"
    constructs "^2.0.0"

"@aws-cdk/aws-lambda@1.32.0", "@aws-cdk/aws-lambda@^1.32.0":
  version "1.32.0"
  resolved "https://registry.yarnpkg.com/@aws-cdk/aws-lambda/-/aws-lambda-1.32.0.tgz#aa8509d4db09a2d01c68740b76d05eb5aebb56de"
  integrity sha512-4M6hJVO+IhullQIcgwzvJ74TSz66KTdAbmW8+jV39xmLA7NQDN2aEzMdcG7lJnjcAYusUFF8P3GcYFy35rGg5g==
  dependencies:
    "@aws-cdk/aws-cloudwatch" "1.32.0"
    "@aws-cdk/aws-ec2" "1.32.0"
    "@aws-cdk/aws-events" "1.32.0"
    "@aws-cdk/aws-iam" "1.32.0"
    "@aws-cdk/aws-logs" "1.32.0"
    "@aws-cdk/aws-s3" "1.32.0"
    "@aws-cdk/aws-s3-assets" "1.32.0"
    "@aws-cdk/aws-sqs" "1.32.0"
    "@aws-cdk/core" "1.32.0"
    "@aws-cdk/cx-api" "1.32.0"
    constructs "^2.0.0"

"@aws-cdk/aws-logs@1.32.0", "@aws-cdk/aws-logs@^1.32.0":
  version "1.32.0"
  resolved "https://registry.yarnpkg.com/@aws-cdk/aws-logs/-/aws-logs-1.32.0.tgz#22495a2c039887d2f39c8a44324cb674e64411b6"
  integrity sha512-PLMuCUSuNJea7eCjVQ2KDFDBhjDVk9R/iD10dzRC7Xv1uIf9NWHglQzHd7UOkOJotFd9SM8//pGG+zG8vaVNdA==
  dependencies:
    "@aws-cdk/aws-cloudwatch" "1.32.0"
    "@aws-cdk/aws-iam" "1.32.0"
    "@aws-cdk/core" "1.32.0"
    constructs "^2.0.0"

"@aws-cdk/aws-route53@1.32.0", "@aws-cdk/aws-route53@^1.32.0":
  version "1.32.0"
  resolved "https://registry.yarnpkg.com/@aws-cdk/aws-route53/-/aws-route53-1.32.0.tgz#31c816d8c7ae9bc1a0ed72fbbe848b0f4f22cf41"
  integrity sha512-uNJWw70SC+NJnNwWYGswH4e6rD9q0m5R4TRxM3j9r2Y1l3hyh9ywD8kd21UQ0s72Clll7xG9nbi3p+z5Q/OwPA==
  dependencies:
    "@aws-cdk/aws-ec2" "1.32.0"
    "@aws-cdk/aws-logs" "1.32.0"
    "@aws-cdk/core" "1.32.0"
    "@aws-cdk/cx-api" "1.32.0"
    constructs "^2.0.0"

"@aws-cdk/aws-s3-assets@1.32.0", "@aws-cdk/aws-s3-assets@^1.32.0":
  version "1.32.0"
  resolved "https://registry.yarnpkg.com/@aws-cdk/aws-s3-assets/-/aws-s3-assets-1.32.0.tgz#f79de0ed4f63f72d9631ee3503c93e055f65f309"
  integrity sha512-EYGlbJp8qzMw44vFUxb4rtF6XVfcZkSrKuKwM97d8Ixr/bCyooS7naYkBEzA0iDOy+fdEtnLjYSiOYuxp+7qIw==
  dependencies:
    "@aws-cdk/assets" "1.32.0"
    "@aws-cdk/aws-iam" "1.32.0"
    "@aws-cdk/aws-s3" "1.32.0"
    "@aws-cdk/core" "1.32.0"
    "@aws-cdk/cx-api" "1.32.0"
    constructs "^2.0.0"

"@aws-cdk/aws-s3@1.32.0", "@aws-cdk/aws-s3@^1.32.0":
  version "1.32.0"
  resolved "https://registry.yarnpkg.com/@aws-cdk/aws-s3/-/aws-s3-1.32.0.tgz#8bc59acc997a63342c0e12d6aedbce7fcacbf31a"
  integrity sha512-QQ5/5BL4k7/A/iohfmqb4e2pgcZCEfyjp+JE3L4Nh4e1GHoKGoE3oPUDePKNxQVjaaC81xIlQrELDAsZ39sjrQ==
  dependencies:
    "@aws-cdk/aws-events" "1.32.0"
    "@aws-cdk/aws-iam" "1.32.0"
    "@aws-cdk/aws-kms" "1.32.0"
    "@aws-cdk/core" "1.32.0"
    constructs "^2.0.0"

"@aws-cdk/aws-sns@1.32.0", "@aws-cdk/aws-sns@^1.32.0":
  version "1.32.0"
  resolved "https://registry.yarnpkg.com/@aws-cdk/aws-sns/-/aws-sns-1.32.0.tgz#c427438f46337b90c3b80d85b5a93d60d4bd47ca"
  integrity sha512-KX3IWJ9BuOwnwDPXs3cI67wbofmzpyX9QTiQCbljw/n0n2VU2+tRRCct+13z+dIVONisZHlcjqJ7fiLRZdtmXg==
  dependencies:
    "@aws-cdk/aws-cloudwatch" "1.32.0"
    "@aws-cdk/aws-events" "1.32.0"
    "@aws-cdk/aws-iam" "1.32.0"
    "@aws-cdk/aws-kms" "1.32.0"
    "@aws-cdk/core" "1.32.0"
    constructs "^2.0.0"

"@aws-cdk/aws-sqs@1.32.0", "@aws-cdk/aws-sqs@^1.32.0":
  version "1.32.0"
  resolved "https://registry.yarnpkg.com/@aws-cdk/aws-sqs/-/aws-sqs-1.32.0.tgz#d7de2bbbbf9f20819d6928d1327cfb1894ded6fd"
  integrity sha512-WUYrpLTIWRA/FihoJkifBOOYXDun1hhivg4jrX8TZQ6XpnYgmV22GtbFrFCo+wJYFI/rD9T5UtLswEHJf0FPFQ==
  dependencies:
    "@aws-cdk/aws-cloudwatch" "1.32.0"
    "@aws-cdk/aws-iam" "1.32.0"
    "@aws-cdk/aws-kms" "1.32.0"
    "@aws-cdk/core" "1.32.0"
    constructs "^2.0.0"

"@aws-cdk/aws-ssm@1.32.0", "@aws-cdk/aws-ssm@^1.32.0":
  version "1.32.0"
  resolved "https://registry.yarnpkg.com/@aws-cdk/aws-ssm/-/aws-ssm-1.32.0.tgz#34cad8660007b9e636bd4ad13190c5d314c66528"
  integrity sha512-GCo7mBXoMrzAzAXOkTt4/kqGe11ozgBxtGqAfV6sueNnZTQedNlIZ6SMTP8pcT85zUPBcBrXqu2EBuIGgwzrAg==
  dependencies:
    "@aws-cdk/aws-iam" "1.32.0"
    "@aws-cdk/aws-kms" "1.32.0"
    "@aws-cdk/core" "1.32.0"
    "@aws-cdk/cx-api" "1.32.0"
    constructs "^2.0.0"

"@aws-cdk/core@1.32.0", "@aws-cdk/core@^1.32.0":
  version "1.32.0"
  resolved "https://registry.yarnpkg.com/@aws-cdk/core/-/core-1.32.0.tgz#fd9d6d06d738540f705836d0ee072b8bc6f4229c"
  integrity sha512-kFVdTNGXPnJcxkBQbaUXYKYXN2Z36I9aLvChA/3kr992EXaDG3T607nDFA8ofnYJXhm154hyfsz7CDNEBa6Zmw==
  dependencies:
    "@aws-cdk/cx-api" "1.32.0"
    constructs "^2.0.0"

"@aws-cdk/cx-api@1.32.0", "@aws-cdk/cx-api@^1.32.0":
  version "1.32.0"
  resolved "https://registry.yarnpkg.com/@aws-cdk/cx-api/-/cx-api-1.32.0.tgz#d8066b74269f4b6f3e4fbd6ce10e4dbfb7db0a62"
  integrity sha512-cmqAQm+FpMpXz6Y6tQnTOVHi73uhwv00lqjeDYIl91zTmuXib8EU1ggjO00/BKrx7VOl2odczOVLLAkOIWZjHw==
  dependencies:
    semver "^7.2.1"

"@aws-cdk/region-info@1.32.0", "@aws-cdk/region-info@^1.32.0":
  version "1.32.0"
  resolved "https://registry.yarnpkg.com/@aws-cdk/region-info/-/region-info-1.32.0.tgz#b13cd054d98f704d60c31fa5c6a5b715bed31dc6"
  integrity sha512-HpFMSdtkklTwoxwCjc17jjGSw+xSRws0ftEXeUvjVA/cOmgKOlqdrkZDsKePKJDWAwqGcRoq7yxlN/3SyB/GPA==

balanced-match@^1.0.0:
  version "1.0.0"
  resolved "https://registry.yarnpkg.com/balanced-match/-/balanced-match-1.0.0.tgz#89b4d199ab2bee49de164ea02b89ce462d71b767"
  integrity sha1-ibTRmasr7kneFk6gK4nORi1xt2c=

brace-expansion@^1.1.7:
  version "1.1.11"
  resolved "https://registry.yarnpkg.com/brace-expansion/-/brace-expansion-1.1.11.tgz#3c7fcbf529d87226f3d2f52b966ff5271eb441dd"
  integrity sha512-iCuPHDFgrHX7H2vEI/5xpz07zSHB00TpugqhmYtVmMO6518mCuRMoOYFldEBl0g187ufozdaHgWKcYFb61qGiA==
  dependencies:
    balanced-match "^1.0.0"
    concat-map "0.0.1"

concat-map@0.0.1:
  version "0.0.1"
  resolved "https://registry.yarnpkg.com/concat-map/-/concat-map-0.0.1.tgz#d8a96bd77fd68df7793a73036a3ba0d5405d477b"
  integrity sha1-2Klr13/Wjfd5OnMDajug1UBdR3s=

constructs@^2.0.0, constructs@^2.0.1:
  version "2.0.1"
  resolved "https://registry.yarnpkg.com/constructs/-/constructs-2.0.1.tgz#274d6b8ce6a698813495c444466b0c745349ddb5"
  integrity sha512-edR85YFGI9TBT9byAo5vAfI0PRi+jFGzinwN3RAJwKfv6Yc9x9kALYfoEmgotp95qT7/k/iUQWHrH9BMJeqpdg==

minimatch@^3.0.4:
  version "3.0.4"
  resolved "https://registry.yarnpkg.com/minimatch/-/minimatch-3.0.4.tgz#5166e286457f03306064be5497e8dbb0c3d32083"
  integrity sha512-yJHVQEhyqPLUTgt9B83PXu6W3rx4MvvHvSUvToogpwoGDOUQ+yDrR0HRot+yOCdCO7u4hX3pWft6kWBBcqh0UA==
  dependencies:
    brace-expansion "^1.1.7"

semver@^7.2.1:
  version "7.2.1"
  resolved "https://registry.yarnpkg.com/semver/-/semver-7.2.1.tgz#d997aa36bdbb00b501ae4ac4c7d17e9f7a587ae5"
  integrity sha512-aHhm1pD02jXXkyIpq25qBZjr3CQgg8KST8uX0OWXch3xE6jw+1bfbWnCjzMwojsTquroUmKFHNzU6x26mEiRxw==
